// !$*UTF8*$!
{
	archiveVersion = 1;
	classes = {
	};
	objectVersion = 46;
	objects = {

/* Begin PBXBuildFile section */
		EFAD413B1A24B3DA00C3CAB0 /* main.m in Sources */ = {isa = PBXBuildFile; fileRef = EFAD413A1A24B3DA00C3CAB0 /* main.m */; };
		EFAD413E1A24B3DA00C3CAB0 /* AppDelegate.m in Sources */ = {isa = PBXBuildFile; fileRef = EFAD413D1A24B3DA00C3CAB0 /* AppDelegate.m */; };
		EFAD41411A24B3DA00C3CAB0 /* ViewController.m in Sources */ = {isa = PBXBuildFile; fileRef = EFAD41401A24B3DA00C3CAB0 /* ViewController.m */; };
		EFAD41551A24B3DA00C3CAB0 /* MultiViewSelectTests.m in Sources */ = {isa = PBXBuildFile; fileRef = EFAD41541A24B3DA00C3CAB0 /* MultiViewSelectTests.m */; };
		EFAD41601A24B50500C3CAB0 /* MultiWindowView.m in Sources */ = {isa = PBXBuildFile; fileRef = EFAD415F1A24B50500C3CAB0 /* MultiWindowView.m */; };
		EFAD41621A24B8AA00C3CAB0 /* tmp.jpg in Resources */ = {isa = PBXBuildFile; fileRef = EFAD41611A24B8AA00C3CAB0 /* tmp.jpg */; };
		EFAD41641A24BE4E00C3CAB0 /* Images.xcassets in Resources */ = {isa = PBXBuildFile; fileRef = EFAD41631A24BE4E00C3CAB0 /* Images.xcassets */; };
/* End PBXBuildFile section */

/* Begin PBXContainerItemProxy section */
		EFAD414F1A24B3DA00C3CAB0 /* PBXContainerItemProxy */ = {
			isa = PBXContainerItemProxy;
			containerPortal = EFAD412D1A24B3D900C3CAB0 /* Project object */;
			proxyType = 1;
			remoteGlobalIDString = EFAD41341A24B3DA00C3CAB0;
			remoteInfo = MultiViewSelect;
		};
/* End PBXContainerItemProxy section */

/* Begin PBXFileReference section */
		EFAD41351A24B3DA00C3CAB0 /* MultiViewSelect.app */ = {isa = PBXFileReference; explicitFileType = wrapper.application; includeInIndex = 0; path = MultiViewSelect.app; sourceTree = BUILT_PRODUCTS_DIR; };
		EFAD41391A24B3DA00C3CAB0 /* Info.plist */ = {isa = PBXFileReference; lastKnownFileType = text.plist.xml; path = Info.plist; sourceTree = "<group>"; };
		EFAD413A1A24B3DA00C3CAB0 /* main.m */ = {isa = PBXFileReference; lastKnownFileType = sourcecode.c.objc; path = main.m; sourceTree = "<group>"; };
		EFAD413C1A24B3DA00C3CAB0 /* AppDelegate.h */ = {isa = PBXFileReference; lastKnownFileType = sourcecode.c.h; path = AppDelegate.h; sourceTree = "<group>"; };
		EFAD413D1A24B3DA00C3CAB0 /* AppDelegate.m */ = {isa = PBXFileReference; lastKnownFileType = sourcecode.c.objc; path = AppDelegate.m; sourceTree = "<group>"; };
		EFAD413F1A24B3DA00C3CAB0 /* ViewController.h */ = {isa = PBXFileReference; lastKnownFileType = sourcecode.c.h; path = ViewController.h; sourceTree = "<group>"; };
		EFAD41401A24B3DA00C3CAB0 /* ViewController.m */ = {isa = PBXFileReference; lastKnownFileType = sourcecode.c.objc; path = ViewController.m; sourceTree = "<group>"; };
		EFAD414E1A24B3DA00C3CAB0 /* MultiViewSelectTests.xctest */ = {isa = PBXFileReference; explicitFileType = wrapper.cfbundle; includeInIndex = 0; path = MultiViewSelectTests.xctest; sourceTree = BUILT_PRODUCTS_DIR; };
		EFAD41531A24B3DA00C3CAB0 /* Info.plist */ = {isa = PBXFileReference; lastKnownFileType = text.plist.xml; path = Info.plist; sourceTree = "<group>"; };
		EFAD41541A24B3DA00C3CAB0 /* MultiViewSelectTests.m */ = {isa = PBXFileReference; lastKnownFileType = sourcecode.c.objc; path = MultiViewSelectTests.m; sourceTree = "<group>"; };
		EFAD415E1A24B50500C3CAB0 /* MultiWindowView.h */ = {isa = PBXFileReference; fileEncoding = 4; lastKnownFileType = sourcecode.c.h; path = MultiWindowView.h; sourceTree = "<group>"; };
		EFAD415F1A24B50500C3CAB0 /* MultiWindowView.m */ = {isa = PBXFileReference; fileEncoding = 4; lastKnownFileType = sourcecode.c.objc; path = MultiWindowView.m; sourceTree = "<group>"; };
		EFAD41611A24B8AA00C3CAB0 /* tmp.jpg */ = {isa = PBXFileReference; lastKnownFileType = image.jpeg; path = tmp.jpg; sourceTree = "<group>"; };
		EFAD41631A24BE4E00C3CAB0 /* Images.xcassets */ = {isa = PBXFileReference; lastKnownFileType = folder.assetcatalog; path = Images.xcassets; sourceTree = "<group>"; };
/* End PBXFileReference section */

/* Begin PBXFrameworksBuildPhase section */
		EFAD41321A24B3DA00C3CAB0 /* Frameworks */ = {
			isa = PBXFrameworksBuildPhase;
			buildActionMask = 2147483647;
			files = (
			);
			runOnlyForDeploymentPostprocessing = 0;
		};
		EFAD414B1A24B3DA00C3CAB0 /* Frameworks */ = {
			isa = PBXFrameworksBuildPhase;
			buildActionMask = 2147483647;
			files = (
			);
			runOnlyForDeploymentPostprocessing = 0;
		};
/* End PBXFrameworksBuildPhase section */

/* Begin PBXGroup section */
		EFAD412C1A24B3D900C3CAB0 = {
			isa = PBXGroup;
			children = (
				EFAD41371A24B3DA00C3CAB0 /* MultiViewSelect */,
				EFAD41511A24B3DA00C3CAB0 /* MultiViewSelectTests */,
				EFAD41361A24B3DA00C3CAB0 /* Products */,
			);
			sourceTree = "<group>";
		};
		EFAD41361A24B3DA00C3CAB0 /* Products */ = {
			isa = PBXGroup;
			children = (
				EFAD41351A24B3DA00C3CAB0 /* MultiViewSelect.app */,
				EFAD414E1A24B3DA00C3CAB0 /* MultiViewSelectTests.xctest */,
			);
			name = Products;
			sourceTree = "<group>";
		};
		EFAD41371A24B3DA00C3CAB0 /* MultiViewSelect */ = {
			isa = PBXGroup;
			children = (
				EFAD415E1A24B50500C3CAB0 /* MultiWindowView.h */,
				EFAD415F1A24B50500C3CAB0 /* MultiWindowView.m */,
				EFAD413C1A24B3DA00C3CAB0 /* AppDelegate.h */,
				EFAD413D1A24B3DA00C3CAB0 /* AppDelegate.m */,
				EFAD413F1A24B3DA00C3CAB0 /* ViewController.h */,
				EFAD41401A24B3DA00C3CAB0 /* ViewController.m */,
				EFAD41631A24BE4E00C3CAB0 /* Images.xcassets */,
				EFAD41381A24B3DA00C3CAB0 /* Supporting Files */,
			);
			path = MultiViewSelect;
			sourceTree = "<group>";
		};
		EFAD41381A24B3DA00C3CAB0 /* Supporting Files */ = {
			isa = PBXGroup;
			children = (
				EFAD41611A24B8AA00C3CAB0 /* tmp.jpg */,
				EFAD41391A24B3DA00C3CAB0 /* Info.plist */,
				EFAD413A1A24B3DA00C3CAB0 /* main.m */,
			);
			name = "Supporting Files";
			sourceTree = "<group>";
		};
		EFAD41511A24B3DA00C3CAB0 /* MultiViewSelectTests */ = {
			isa = PBXGroup;
			children = (
				EFAD41541A24B3DA00C3CAB0 /* MultiViewSelectTests.m */,
				EFAD41521A24B3DA00C3CAB0 /* Supporting Files */,
			);
			path = MultiViewSelectTests;
			sourceTree = "<group>";
		};
		EFAD41521A24B3DA00C3CAB0 /* Supporting Files */ = {
			isa = PBXGroup;
			children = (
				EFAD41531A24B3DA00C3CAB0 /* Info.plist */,
			);
			name = "Supporting Files";
			sourceTree = "<group>";
		};
/* End PBXGroup section */

/* Begin PBXNativeTarget section */
		EFAD41341A24B3DA00C3CAB0 /* MultiViewSelect */ = {
			isa = PBXNativeTarget;
			buildConfigurationList = EFAD41581A24B3DA00C3CAB0 /* Build configuration list for PBXNativeTarget "MultiViewSelect" */;
			buildPhases = (
				EFAD41311A24B3DA00C3CAB0 /* Sources */,
				EFAD41321A24B3DA00C3CAB0 /* Frameworks */,
				EFAD41331A24B3DA00C3CAB0 /* Resources */,
			);
			buildRules = (
			);
			dependencies = (
			);
			name = MultiViewSelect;
			productName = MultiViewSelect;
			productReference = EFAD41351A24B3DA00C3CAB0 /* MultiViewSelect.app */;
			productType = "com.apple.product-type.application";
		};
		EFAD414D1A24B3DA00C3CAB0 /* MultiViewSelectTests */ = {
			isa = PBXNativeTarget;
			buildConfigurationList = EFAD415B1A24B3DA00C3CAB0 /* Build configuration list for PBXNativeTarget "MultiViewSelectTests" */;
			buildPhases = (
				EFAD414A1A24B3DA00C3CAB0 /* Sources */,
				EFAD414B1A24B3DA00C3CAB0 /* Frameworks */,
				EFAD414C1A24B3DA00C3CAB0 /* Resources */,
			);
			buildRules = (
			);
			dependencies = (
				EFAD41501A24B3DA00C3CAB0 /* PBXTargetDependency */,
			);
			name = MultiViewSelectTests;
			productName = MultiViewSelectTests;
			productReference = EFAD414E1A24B3DA00C3CAB0 /* MultiViewSelectTests.xctest */;
			productType = "com.apple.product-type.bundle.unit-test";
		};
/* End PBXNativeTarget section */

/* Begin PBXProject section */
		EFAD412D1A24B3D900C3CAB0 /* Project object */ = {
			isa = PBXProject;
			attributes = {
				LastUpgradeCheck = 0610;
				ORGANIZATIONNAME = retix;
				TargetAttributes = {
					EFAD41341A24B3DA00C3CAB0 = {
						CreatedOnToolsVersion = 6.1;
					};
					EFAD414D1A24B3DA00C3CAB0 = {
						CreatedOnToolsVersion = 6.1;
						TestTargetID = EFAD41341A24B3DA00C3CAB0;
					};
				};
			};
			buildConfigurationList = EFAD41301A24B3D900C3CAB0 /* Build configuration list for PBXProject "MultiViewSelect" */;
			compatibilityVersion = "Xcode 3.2";
			developmentRegion = English;
			hasScannedForEncodings = 0;
			knownRegions = (
				en,
				Base,
			);
			mainGroup = EFAD412C1A24B3D900C3CAB0;
			productRefGroup = EFAD41361A24B3DA00C3CAB0 /* Products */;
			projectDirPath = "";
			projectRoot = "";
			targets = (
				EFAD41341A24B3DA00C3CAB0 /* MultiViewSelect */,
				EFAD414D1A24B3DA00C3CAB0 /* MultiViewSelectTests */,
			);
		};
/* End PBXProject section */

/* Begin PBXResourcesBuildPhase section */
		EFAD41331A24B3DA00C3CAB0 /* Resources */ = {
			isa = PBXResourcesBuildPhase;
			buildActionMask = 2147483647;
			files = (
				EFAD41621A24B8AA00C3CAB0 /* tmp.jpg in Resources */,
				EFAD41641A24BE4E00C3CAB0 /* Images.xcassets in Resources */,
			);
			runOnlyForDeploymentPostprocessing = 0;
		};
		EFAD414C1A24B3DA00C3CAB0 /* Resources */ = {
			isa = PBXResourcesBuildPhase;
			buildActionMask = 2147483647;
			files = (
			);
			runOnlyForDeploymentPostprocessing = 0;
		};
/* End PBXResourcesBuildPhase section */

/* Begin PBXSourcesBuildPhase section */
		EFAD41311A24B3DA00C3CAB0 /* Sources */ = {
			isa = PBXSourcesBuildPhase;
			buildActionMask = 2147483647;
			files = (
				EFAD41411A24B3DA00C3CAB0 /* ViewController.m in Sources */,
				EFAD413E1A24B3DA00C3CAB0 /* AppDelegate.m in Sources */,
				EFAD41601A24B50500C3CAB0 /* MultiWindowView.m in Sources */,
				EFAD413B1A24B3DA00C3CAB0 /* main.m in Sources */,
			);
			runOnlyForDeploymentPostprocessing = 0;
		};
		EFAD414A1A24B3DA00C3CAB0 /* Sources */ = {
			isa = PBXSourcesBuildPhase;
			buildActionMask = 2147483647;
			files = (
				EFAD41551A24B3DA00C3CAB0 /* MultiViewSelectTests.m in Sources */,
			);
			runOnlyForDeploymentPostprocessing = 0;
		};
/* End PBXSourcesBuildPhase section */

/* Begin PBXTargetDependency section */
		EFAD41501A24B3DA00C3CAB0 /* PBXTargetDependency */ = {
			isa = PBXTargetDependency;
			target = EFAD41341A24B3DA00C3CAB0 /* MultiViewSelect */;
			targetProxy = EFAD414F1A24B3DA00C3CAB0 /* PBXContainerItemProxy */;
		};
/* End PBXTargetDependency section */

/* Begin XCBuildConfiguration section */
		EFAD41561A24B3DA00C3CAB0 /* Debug */ = {
			isa = XCBuildConfiguration;
			buildSettings = {
				ALWAYS_SEARCH_USER_PATHS = NO;
				CLANG_CXX_LANGUAGE_STANDARD = "gnu++0x";
				CLANG_CXX_LIBRARY = "libc++";
				CLANG_ENABLE_MODULES = YES;
				CLANG_ENABLE_OBJC_ARC = YES;
				CLANG_WARN_BOOL_CONVERSION = YES;
				CLANG_WARN_CONSTANT_CONVERSION = YES;
				CLANG_WARN_DIRECT_OBJC_ISA_USAGE = YES_ERROR;
				CLANG_WARN_EMPTY_BODY = YES;
				CLANG_WARN_ENUM_CONVERSION = YES;
				CLANG_WARN_INT_CONVERSION = YES;
				CLANG_WARN_OBJC_ROOT_CLASS = YES_ERROR;
				CLANG_WARN_UNREACHABLE_CODE = YES;
				CLANG_WARN__DUPLICATE_METHOD_MATCH = YES;
				"CODE_SIGN_IDENTITY[sdk=iphoneos*]" = "iPhone Developer";
				COPY_PHASE_STRIP = NO;
				ENABLE_STRICT_OBJC_MSGSEND = YES;
				GCC_C_LANGUAGE_STANDARD = gnu99;
				GCC_DYNAMIC_NO_PIC = NO;
				GCC_OPTIMIZATION_LEVEL = 0;
				GCC_PREPROCESSOR_DEFINITIONS = (
					"DEBUG=1",
					"$(inherited)",
				);
				GCC_SYMBOLS_PRIVATE_EXTERN = NO;
				GCC_WARN_64_TO_32_BIT_CONVERSION = YES;
				GCC_WARN_ABOUT_RETURN_TYPE = YES_ERROR;
				GCC_WARN_UNDECLARED_SELECTOR = YES;
				GCC_WARN_UNINITIALIZED_AUTOS = YES_AGGRESSIVE;
				GCC_WARN_UNUSED_FUNCTION = YES;
				GCC_WARN_UNUSED_VARIABLE = YES;
				IPHONEOS_DEPLOYMENT_TARGET = 8.1;
				MTL_ENABLE_DEBUG_INFO = YES;
				ONLY_ACTIVE_ARCH = YES;
				SDKROOT = iphoneos;
			};
			name = Debug;
		};
		EFAD41571A24B3DA00C3CAB0 /* Release */ = {
			isa = XCBuildConfiguration;
			buildSettings = {
				ALWAYS_SEARCH_USER_PATHS = NO;
				CLANG_CXX_LANGUAGE_STANDARD = "gnu++0x";
				CLANG_CXX_LIBRARY = "libc++";
				CLANG_ENABLE_MODULES = YES;
				CLANG_ENABLE_OBJC_ARC = YES;
				CLANG_WARN_BOOL_CONVERSION = YES;
				CLANG_WARN_CONSTANT_CONVERSION = YES;
				CLANG_WARN_DIRECT_OBJC_ISA_USAGE = YES_ERROR;
				CLANG_WARN_EMPTY_BODY = YES;
				CLANG_WARN_ENUM_CONVERSION = YES;
				CLANG_WARN_INT_CONVERSION = YES;
				CLANG_WARN_OBJC_ROOT_CLASS = YES_ERROR;
				CLANG_WARN_UNREACHABLE_CODE = YES;
				CLANG_WARN__DUPLICATE_METHOD_MATCH = YES;
				"CODE_SIGN_IDENTITY[sdk=iphoneos*]" = "iPhone Developer";
				COPY_PHASE_STRIP = YES;
				ENABLE_NS_ASSERTIONS = NO;
				ENABLE_STRICT_OBJC_MSGSEND = YES;
				GCC_C_LANGUAGE_STANDARD = gnu99;
				GCC_WARN_64_TO_32_BIT_CONVERSION = YES;
				GCC_WARN_ABOUT_RETURN_TYPE = YES_ERROR;
				GCC_WARN_UNDECLARED_SELECTOR = YES;
				GCC_WARN_UNINITIALIZED_AUTOS = YES_AGGRESSIVE;
				GCC_WARN_UNUSED_FUNCTION = YES;
				GCC_WARN_UNUSED_VARIABLE = YES;
				IPHONEOS_DEPLOYMENT_TARGET = 8.1;
				MTL_ENABLE_DEBUG_INFO = NO;
				SDKROOT = iphoneos;
				VALIDATE_PRODUCT = YES;
			};
			name = Release;
		};
		EFAD41591A24B3DA00C3CAB0 /* Debug */ = {
			isa = XCBuildConfiguration;
			buildSettings = {
				ASSETCATALOG_COMPILER_APPICON_NAME = AppIcon;
				ASSETCATALOG_COMPILER_LAUNCHIMAGE_NAME = LaunchImage;
				INFOPLIST_FILE = MultiViewSelect/Info.plist;
				IPHONEOS_DEPLOYMENT_TARGET = 7.0;
				LD_RUNPATH_SEARCH_PATHS = "$(inherited) @executable_path/Frameworks";
				PRODUCT_NAME = "$(TARGET_NAME)";
				TARGETED_DEVICE_FAMILY = 1;
			};
			name = Debug;
		};
		EFAD415A1A24B3DA00C3CAB0 /* Release */ = {
			isa = XCBuildConfiguration;
			buildSettings = {
				ASSETCATALOG_COMPILER_APPICON_NAME = AppIcon;
				ASSETCATALOG_COMPILER_LAUNCHIMAGE_NAME = LaunchImage;
				INFOPLIST_FILE = MultiViewSelect/Info.plist;
				IPHONEOS_DEPLOYMENT_TARGET = 7.0;
				LD_RUNPATH_SEARCH_PATHS = "$(inherited) @executable_path/Frameworks";
				PRODUCT_NAME = "$(TARGET_NAME)";
				TARGETED_DEVICE_FAMILY = 1;
			};
			name = Release;
		};
		EFAD415C1A24B3DA00C3CAB0 /* Debug */ = {
			isa = XCBuildConfiguration;
			buildSettings = {
				BUNDLE_LOADER = "$(TEST_HOST)";
				FRAMEWORK_SEARCH_PATHS = (
					"$(SDKROOT)/Developer/Library/Frameworks",
					"$(inherited)",
				);
				GCC_PREPROCESSOR_DEFINITIONS = (
					"DEBUG=1",
					"$(inherited)",
				);
				INFOPLIST_FILE = MultiViewSelectTests/Info.plist;
				LD_RUNPATH_SEARCH_PATHS = "$(inherited) @executable_path/Frameworks @loader_path/Frameworks";
				PRODUCT_NAME = "$(TARGET_NAME)";
				TEST_HOST = "$(BUILT_PRODUCTS_DIR)/MultiViewSelect.app/MultiViewSelect";
			};
			name = Debug;
		};
		EFAD415D1A24B3DA00C3CAB0 /* Release */ = {
			isa = XCBuildConfiguration;
			buildSettings = {
				BUNDLE_LOADER = "$(TEST_HOST)";
				FRAMEWORK_SEARCH_PATHS = (
					"$(SDKROOT)/Developer/Library/Frameworks",
					"$(inherited)",
				);
				INFOPLIST_FILE = MultiViewSelectTests/Info.plist;
				LD_RUNPATH_SEARCH_PATHS = "$(inherited) @executable_path/Frameworks @loader_path/Frameworks";
				PRODUCT_NAME = "$(TARGET_NAME)";
				TEST_HOST = "$(BUILT_PRODUCTS_DIR)/MultiViewSelect.app/MultiViewSelect";
			};
			name = Release;
		};
/* End XCBuildConfiguration section */

/* Begin XCConfigurationList section */
		EFAD41301A24B3D900C3CAB0 /* Build configuration list for PBXProject "MultiViewSelect" */ = {
			isa = XCConfigurationList;
			buildConfigurations = (
				EFAD41561A24B3DA00C3CAB0 /* Debug */,
				EFAD41571A24B3DA00C3CAB0 /* Release */,
			);
			defaultConfigurationIsVisible = 0;
			defaultConfigurationName = Release;
		};
		EFAD41581A24B3DA00C3CAB0 /* Build configuration list for PBXNativeTarget "MultiViewSelect" */ = {
			isa = XCConfigurationList;
			buildConfigurations = (
				EFAD41591A24B3DA00C3CAB0 /* Debug */,
				EFAD415A1A24B3DA00C3CAB0 /* Release */,
			);
			defaultConfigurationIsVisible = 0;
		};
		EFAD415B1A24B3DA00C3CAB0 /* Build configuration list for PBXNativeTarget "MultiViewSelectTests" */ = {
			isa = XCConfigurationList;
			buildConfigurations = (
				EFAD415C1A24B3DA00C3CAB0 /* Debug */,
				EFAD415D1A24B3DA00C3CAB0 /* Release */,
			);
			defaultConfigurationIsVisible = 0;
		};
/* End XCConfigurationList section */
	};
	rootObject = EFAD412D1A24B3D900C3CAB0 /* Project object */;
}
